
Microsoft Visual Studio Solution File, Format Version 11.00
# Visual Studio 2010
Project("{FAE04EC0-301F-11D3-BF4B-00C04F79EFBC}") = "testProgram", "testProgram\testProgram.csproj", "{0BAA0CE1-0394-4F8A-90A7-ECEADC628E47}"
EndProject
Project("{FAE04EC0-301F-11D3-BF4B-00C04F79EFBC}") = "dbank-sdk-dotnet", "dbank-sdk-dotnet\dbank-sdk-dotnet.csproj", "{99AA1617-7973-45AF-ACFE-5BC79B3AAEEE}"
EndProject
Global
	GlobalSection(SolutionConfigurationPlatforms) = preSolution
		Debug|Any CPU = Debug|Any CPU
		Debug|Mixed Platforms = Debug|Mixed Platforms
		Debug|x86 = Debug|x86
		Release|Any CPU = Release|Any CPU
		Release|Mixed Platforms = Release|Mixed Platforms
		Release|x86 = Release|x86
	EndGlobalSection
	GlobalSection(ProjectConfigurationPlatforms) = postSolution
		{0BAA0CE1-0394-4F8A-90A7-ECEADC628E47}.Debug|Any CPU.ActiveCfg = Debug|x86
		{0BAA0CE1-0394-4F8A-90A7-ECEADC628E47}.Debug|Mixed Platforms.ActiveCfg = Debug|x86
		{0BAA0CE1-0394-4F8A-90A7-ECEADC628E47}.Debug|Mixed Platforms.Build.0 = Debug|x86
		{0BAA0CE1-0394-4F8A-90A7-ECEADC628E47}.Debug|x86.ActiveCfg = Debug|x86
		{0BAA0CE1-0394-4F8A-90A7-ECEADC628E47}.Debug|x86.Build.0 = Debug|x86
		{0BAA0CE1-0394-4F8A-90A7-ECEADC628E47}.Release|Any CPU.ActiveCfg = Release|x86
		{0BAA0CE1-0394-4F8A-90A7-ECEADC628E47}.Release|Mixed Platforms.ActiveCfg = Release|x86
		{0BAA0CE1-0394-4F8A-90A7-ECEADC628E47}.Release|Mixed Platforms.Build.0 = Release|x86
		{0BAA0CE1-0394-4F8A-90A7-ECEADC628E47}.Release|x86.ActiveCfg = Release|x86
		{0BAA0CE1-0394-4F8A-90A7-ECEADC628E47}.Release|x86.Build.0 = Release|x86
		{99AA1617-7973-45AF-ACFE-5BC79B3AAEEE}.Debug|Any CPU.ActiveCfg = Debug|Any CPU
		{99AA1617-7973-45AF-ACFE-5BC79B3AAEEE}.Debug|Any CPU.Build.0 = Debug|Any CPU
		{99AA1617-7973-45AF-ACFE-5BC79B3AAEEE}.Debug|Mixed Platforms.ActiveCfg = Debug|Any CPU
		{99AA1617-7973-45AF-ACFE-5BC79B3AAEEE}.Debug|Mixed Platforms.Build.0 = Debug|Any CPU
		{99AA1617-7973-45AF-ACFE-5BC79B3AAEEE}.Debug|x86.ActiveCfg = Debug|Any CPU
		{99AA1617-7973-45AF-ACFE-5BC79B3AAEEE}.Release|Any CPU.ActiveCfg = Release|Any CPU
		{99AA1617-7973-45AF-ACFE-5BC79B3AAEEE}.Release|Any CPU.Build.0 = Release|Any CPU
		{99AA1617-7973-45AF-ACFE-5BC79B3AAEEE}.Release|Mixed Platforms.ActiveCfg = Release|Any CPU
		{99AA1617-7973-45AF-ACFE-5BC79B3AAEEE}.Release|Mixed Platforms.Build.0 = Release|Any CPU
		{99AA1617-7973-45AF-ACFE-5BC79B3AAEEE}.Release|x86.ActiveCfg = Release|Any CPU
	EndGlobalSection
	GlobalSection(SolutionProperties) = preSolution
		HideSolutionNode = FALSE
	EndGlobalSection
EndGlobal
